Microsoft Visual Studio Solution File, Format Version 11.00
# Visual Studio 2010
Project("{FAE04EC0-301F-11D3-BF4B-00C04F79EFBC}") = "NavMeshComponents", "NavMeshComponents.csproj", "{335574A3-9952-0F53-5720-AB6E871DBD4D}"
EndProject
Project("{FAE04EC0-301F-11D3-BF4B-00C04F79EFBC}") = "Assembly-CSharp", "Assembly-CSharp.csproj", "{C552CC59-194B-7138-3D1C-5C01CCD58E44}"
EndProject
Project("{FAE04EC0-301F-11D3-BF4B-00C04F79EFBC}") = "NavMeshComponentsEditor", "NavMeshComponentsEditor.csproj", "{AD4D38AF-D280-2B3A-AB19-9426B595D50A}"
EndProject
Global
	GlobalSection(SolutionConfigurationPlatforms) = preSolution
		Debug|Any CPU = Debug|Any CPU
		Release|Any CPU = Release|Any CPU
	EndGlobalSection
	GlobalSection(ProjectConfigurationPlatforms) = postSolution
		{335574A3-9952-0F53-5720-AB6E871DBD4D}.Debug|Any CPU.ActiveCfg = Debug|Any CPU
		{335574A3-9952-0F53-5720-AB6E871DBD4D}.Debug|Any CPU.Build.0 = Debug|Any CPU
		{335574A3-9952-0F53-5720-AB6E871DBD4D}.Release|Any CPU.ActiveCfg = Release|Any CPU
		{335574A3-9952-0F53-5720-AB6E871DBD4D}.Release|Any CPU.Build.0 = Release|Any CPU
		{C552CC59-194B-7138-3D1C-5C01CCD58E44}.Debug|Any CPU.ActiveCfg = Debug|Any CPU
		{C552CC59-194B-7138-3D1C-5C01CCD58E44}.Debug|Any CPU.Build.0 = Debug|Any CPU
		{C552CC59-194B-7138-3D1C-5C01CCD58E44}.Release|Any CPU.ActiveCfg = Release|Any CPU
		{C552CC59-194B-7138-3D1C-5C01CCD58E44}.Release|Any CPU.Build.0 = Release|Any CPU
		{AD4D38AF-D280-2B3A-AB19-9426B595D50A}.Debug|Any CPU.ActiveCfg = Debug|Any CPU
		{AD4D38AF-D280-2B3A-AB19-9426B595D50A}.Debug|Any CPU.Build.0 = Debug|Any CPU
		{AD4D38AF-D280-2B3A-AB19-9426B595D50A}.Release|Any CPU.ActiveCfg = Release|Any CPU
		{AD4D38AF-D280-2B3A-AB19-9426B595D50A}.Release|Any CPU.Build.0 = Release|Any CPU
	EndGlobalSection
	GlobalSection(SolutionProperties) = preSolution
		HideSolutionNode = FALSE
	EndGlobalSection
	GlobalSection(MonoDevelopProperties) = preSolution
		StartupItem = Assembly-CSharp.csproj
	EndGlobalSection
EndGlobal
